
Microsoft Visual Studio Solution File, Format Version 12.00
# Visual Studio 15
VisualStudioVersion = 15.0.28010.2046
MinimumVisualStudioVersion = 10.0.40219.1
Project("{8BC9CEB8-8B4A-11D0-8D11-00A0C91BC942}") = "SocketServer", "SocketServer\SocketServer.vcxproj", "{D5F2F1A1-2675-4C4E-98DE-65AE239F07FD}"
EndProject
Global
	GlobalSection(SolutionConfigurationPlatforms) = preSolution
		Debug|x64 = Debug|x64
		Debug|x86 = Debug|x86
		Release|x64 = Release|x64
		Release|x86 = Release|x86
	EndGlobalSection
	GlobalSection(ProjectConfigurationPlatforms) = postSolution
		{D5F2F1A1-2675-4C4E-98DE-65AE239F07FD}.Debug|x64.ActiveCfg = Debug|x64
		{D5F2F1A1-2675-4C4E-98DE-65AE239F07FD}.Debug|x64.Build.0 = Debug|x64
		{D5F2F1A1-2675-4C4E-98DE-65AE239F07FD}.Debug|x86.ActiveCfg = Debug|Win32
		{D5F2F1A1-2675-4C4E-98DE-65AE239F07FD}.Debug|x86.Build.0 = Debug|Win32
		{D5F2F1A1-2675-4C4E-98DE-65AE239F07FD}.Release|x64.ActiveCfg = Release|x64
		{D5F2F1A1-2675-4C4E-98DE-65AE239F07FD}.Release|x64.Build.0 = Release|x64
		{D5F2F1A1-2675-4C4E-98DE-65AE239F07FD}.Release|x86.ActiveCfg = Release|Win32
		{D5F2F1A1-2675-4C4E-98DE-65AE239F07FD}.Release|x86.Build.0 = Release|Win32
	EndGlobalSection
	GlobalSection(SolutionProperties) = preSolution
		HideSolutionNode = FALSE
	EndGlobalSection
	GlobalSection(ExtensibilityGlobals) = postSolution
		SolutionGuid = {B6B94626-DC53-4BC1-95D3-3298733080C7}
	EndGlobalSection
EndGlobal
