
Microsoft Visual Studio Solution File, Format Version 12.00
# Visual Studio 15
VisualStudioVersion = 15.0.28307.757
MinimumVisualStudioVersion = 10.0.40219.1
Project("{8BC9CEB8-8B4A-11D0-8D11-00A0C91BC942}") = "factorial_inline", "factorial_inline\factorial_inline.vcxproj", "{41CB8458-E090-4753-9747-79AEE0902862}"
EndProject
Global
	GlobalSection(SolutionConfigurationPlatforms) = preSolution
		Debug|x64 = Debug|x64
		Debug|x86 = Debug|x86
		Release|x64 = Release|x64
		Release|x86 = Release|x86
	EndGlobalSection
	GlobalSection(ProjectConfigurationPlatforms) = postSolution
		{41CB8458-E090-4753-9747-79AEE0902862}.Debug|x64.ActiveCfg = Debug|x64
		{41CB8458-E090-4753-9747-79AEE0902862}.Debug|x64.Build.0 = Debug|x64
		{41CB8458-E090-4753-9747-79AEE0902862}.Debug|x86.ActiveCfg = Debug|Win32
		{41CB8458-E090-4753-9747-79AEE0902862}.Debug|x86.Build.0 = Debug|Win32
		{41CB8458-E090-4753-9747-79AEE0902862}.Release|x64.ActiveCfg = Release|x64
		{41CB8458-E090-4753-9747-79AEE0902862}.Release|x64.Build.0 = Release|x64
		{41CB8458-E090-4753-9747-79AEE0902862}.Release|x86.ActiveCfg = Release|Win32
		{41CB8458-E090-4753-9747-79AEE0902862}.Release|x86.Build.0 = Release|Win32
	EndGlobalSection
	GlobalSection(SolutionProperties) = preSolution
		HideSolutionNode = FALSE
	EndGlobalSection
	GlobalSection(ExtensibilityGlobals) = postSolution
		SolutionGuid = {D8F68A76-EEB9-48DD-AA58-42F8BD0B2A6B}
	EndGlobalSection
EndGlobal
