
Microsoft Visual Studio Solution File, Format Version 12.00
# Visual Studio 15
VisualStudioVersion = 15.0.28010.2046
MinimumVisualStudioVersion = 10.0.40219.1
Project("{888888A0-9F3D-457C-B088-3A5042F75D52}") = "sympy matmul", "sympy matmul\sympy matmul.pyproj", "{DB42D85F-770A-4D53-94D2-211BC6770CF6}"
EndProject
Global
	GlobalSection(SolutionConfigurationPlatforms) = preSolution
		Debug|Any CPU = Debug|Any CPU
		Release|Any CPU = Release|Any CPU
	EndGlobalSection
	GlobalSection(ProjectConfigurationPlatforms) = postSolution
		{DB42D85F-770A-4D53-94D2-211BC6770CF6}.Debug|Any CPU.ActiveCfg = Debug|Any CPU
		{DB42D85F-770A-4D53-94D2-211BC6770CF6}.Release|Any CPU.ActiveCfg = Release|Any CPU
	EndGlobalSection
	GlobalSection(SolutionProperties) = preSolution
		HideSolutionNode = FALSE
	EndGlobalSection
	GlobalSection(ExtensibilityGlobals) = postSolution
		SolutionGuid = {E76C06DA-20F1-440D-ADF1-E5FB6C5F3D0A}
	EndGlobalSection
EndGlobal
