
Microsoft Visual Studio Solution File, Format Version 12.00
# Visual Studio 2012
Project("{8BC9CEB8-8B4A-11D0-8D11-00A0C91BC942}") = "spi_max7219", "spi_max7219.vcxproj", "{35493197-7EEE-4801-8594-F0F87418E6EC}"
EndProject
Global
	GlobalSection(SolutionConfigurationPlatforms) = preSolution
		Debug|Win32 = Debug|Win32
		Release|Win32 = Release|Win32
	EndGlobalSection
	GlobalSection(ProjectConfigurationPlatforms) = postSolution
		{35493197-7EEE-4801-8594-F0F87418E6EC}.Debug|Win32.ActiveCfg = Debug|Win32
		{35493197-7EEE-4801-8594-F0F87418E6EC}.Debug|Win32.Build.0 = Debug|Win32
		{35493197-7EEE-4801-8594-F0F87418E6EC}.Release|Win32.ActiveCfg = Release|Win32
		{35493197-7EEE-4801-8594-F0F87418E6EC}.Release|Win32.Build.0 = Release|Win32
	EndGlobalSection
	GlobalSection(SolutionProperties) = preSolution
		HideSolutionNode = FALSE
	EndGlobalSection
EndGlobal
