
Microsoft Visual Studio Solution File, Format Version 12.00
# Visual Studio 15
VisualStudioVersion = 15.0.28307.757
MinimumVisualStudioVersion = 10.0.40219.1
Project("{FAE04EC0-301F-11D3-BF4B-00C04F79EFBC}") = "stringCopy", "stringCopy\stringCopy.csproj", "{5A92E073-39A0-4B19-9631-31159517C038}"
EndProject
Global
	GlobalSection(SolutionConfigurationPlatforms) = preSolution
		Debug|Any CPU = Debug|Any CPU
		Release|Any CPU = Release|Any CPU
	EndGlobalSection
	GlobalSection(ProjectConfigurationPlatforms) = postSolution
		{5A92E073-39A0-4B19-9631-31159517C038}.Debug|Any CPU.ActiveCfg = Debug|Any CPU
		{5A92E073-39A0-4B19-9631-31159517C038}.Debug|Any CPU.Build.0 = Debug|Any CPU
		{5A92E073-39A0-4B19-9631-31159517C038}.Release|Any CPU.ActiveCfg = Release|Any CPU
		{5A92E073-39A0-4B19-9631-31159517C038}.Release|Any CPU.Build.0 = Release|Any CPU
	EndGlobalSection
	GlobalSection(SolutionProperties) = preSolution
		HideSolutionNode = FALSE
	EndGlobalSection
	GlobalSection(ExtensibilityGlobals) = postSolution
		SolutionGuid = {D13ADD11-72C4-4DAF-948F-EDD0E5643EBF}
	EndGlobalSection
EndGlobal
