
Microsoft Visual Studio Solution File, Format Version 12.00
# Visual Studio 15
VisualStudioVersion = 15.0.28307.757
MinimumVisualStudioVersion = 10.0.40219.1
Project("{FAE04EC0-301F-11D3-BF4B-00C04F79EFBC}") = "Organiser", "Organiser\Organiser.csproj", "{707A9CFE-A99C-47EA-B339-978619495EAE}"
EndProject
Project("{FAE04EC0-301F-11D3-BF4B-00C04F79EFBC}") = "Organise", "Organise\Organise.csproj", "{CE2B19C5-77D2-4561-B1A8-1C379C2697FD}"
EndProject
Project("{FAE04EC0-301F-11D3-BF4B-00C04F79EFBC}") = "Tree", "Tree\Tree.csproj", "{0A389E19-0CAE-4A34-8A0C-311B333F382F}"
EndProject
Global
	GlobalSection(SolutionConfigurationPlatforms) = preSolution
		Debug|Any CPU = Debug|Any CPU
		Release|Any CPU = Release|Any CPU
	EndGlobalSection
	GlobalSection(ProjectConfigurationPlatforms) = postSolution
		{707A9CFE-A99C-47EA-B339-978619495EAE}.Debug|Any CPU.ActiveCfg = Debug|Any CPU
		{707A9CFE-A99C-47EA-B339-978619495EAE}.Debug|Any CPU.Build.0 = Debug|Any CPU
		{707A9CFE-A99C-47EA-B339-978619495EAE}.Release|Any CPU.ActiveCfg = Release|Any CPU
		{707A9CFE-A99C-47EA-B339-978619495EAE}.Release|Any CPU.Build.0 = Release|Any CPU
		{CE2B19C5-77D2-4561-B1A8-1C379C2697FD}.Debug|Any CPU.ActiveCfg = Debug|Any CPU
		{CE2B19C5-77D2-4561-B1A8-1C379C2697FD}.Debug|Any CPU.Build.0 = Debug|Any CPU
		{CE2B19C5-77D2-4561-B1A8-1C379C2697FD}.Release|Any CPU.ActiveCfg = Release|Any CPU
		{CE2B19C5-77D2-4561-B1A8-1C379C2697FD}.Release|Any CPU.Build.0 = Release|Any CPU
		{0A389E19-0CAE-4A34-8A0C-311B333F382F}.Debug|Any CPU.ActiveCfg = Debug|Any CPU
		{0A389E19-0CAE-4A34-8A0C-311B333F382F}.Debug|Any CPU.Build.0 = Debug|Any CPU
		{0A389E19-0CAE-4A34-8A0C-311B333F382F}.Release|Any CPU.ActiveCfg = Release|Any CPU
		{0A389E19-0CAE-4A34-8A0C-311B333F382F}.Release|Any CPU.Build.0 = Release|Any CPU
	EndGlobalSection
	GlobalSection(SolutionProperties) = preSolution
		HideSolutionNode = FALSE
	EndGlobalSection
	GlobalSection(ExtensibilityGlobals) = postSolution
		SolutionGuid = {7B80E1F9-E549-4E55-A698-8D5B60326C8C}
	EndGlobalSection
EndGlobal
