
Microsoft Visual Studio Solution File, Format Version 12.00
# Visual Studio 15
VisualStudioVersion = 15.0.28010.2046
MinimumVisualStudioVersion = 10.0.40219.1
Project("{888888A0-9F3D-457C-B088-3A5042F75D52}") = "FileSheetPy3SetupGui", "FileSheetPy3SetupGui\FileSheetPy3SetupGui.pyproj", "{CCECB575-A179-4B55-9795-0F48B9421F9E}"
EndProject
Global
	GlobalSection(SolutionConfigurationPlatforms) = preSolution
		Debug|Any CPU = Debug|Any CPU
		Release|Any CPU = Release|Any CPU
	EndGlobalSection
	GlobalSection(ProjectConfigurationPlatforms) = postSolution
		{CCECB575-A179-4B55-9795-0F48B9421F9E}.Debug|Any CPU.ActiveCfg = Debug|Any CPU
		{CCECB575-A179-4B55-9795-0F48B9421F9E}.Release|Any CPU.ActiveCfg = Release|Any CPU
	EndGlobalSection
	GlobalSection(SolutionProperties) = preSolution
		HideSolutionNode = FALSE
	EndGlobalSection
	GlobalSection(ExtensibilityGlobals) = postSolution
		SolutionGuid = {001993AC-7C9C-45FC-AF4B-5C0981402ED3}
	EndGlobalSection
EndGlobal
