
Microsoft Visual Studio Solution File, Format Version 12.00
# Visual Studio 15
VisualStudioVersion = 15.0.28307.757
MinimumVisualStudioVersion = 10.0.40219.1
Project("{FAE04EC0-301F-11D3-BF4B-00C04F79EFBC}") = "Trees", "AzazelDev.Collections.Trees\Trees.csproj", "{9F4A0808-854B-4D0D-8EA5-34FBF42D587B}"
EndProject
Project("{FAE04EC0-301F-11D3-BF4B-00C04F79EFBC}") = "Demo", "Demo\Demo.csproj", "{C24DA027-D0F8-4730-BCD4-2BB1C184D5DE}"
EndProject
Global
	GlobalSection(SolutionConfigurationPlatforms) = preSolution
		Debug|Any CPU = Debug|Any CPU
		Release|Any CPU = Release|Any CPU
	EndGlobalSection
	GlobalSection(ProjectConfigurationPlatforms) = postSolution
		{9F4A0808-854B-4D0D-8EA5-34FBF42D587B}.Debug|Any CPU.ActiveCfg = Debug|Any CPU
		{9F4A0808-854B-4D0D-8EA5-34FBF42D587B}.Debug|Any CPU.Build.0 = Debug|Any CPU
		{9F4A0808-854B-4D0D-8EA5-34FBF42D587B}.Release|Any CPU.ActiveCfg = Release|Any CPU
		{9F4A0808-854B-4D0D-8EA5-34FBF42D587B}.Release|Any CPU.Build.0 = Release|Any CPU
		{C24DA027-D0F8-4730-BCD4-2BB1C184D5DE}.Debug|Any CPU.ActiveCfg = Debug|Any CPU
		{C24DA027-D0F8-4730-BCD4-2BB1C184D5DE}.Debug|Any CPU.Build.0 = Debug|Any CPU
		{C24DA027-D0F8-4730-BCD4-2BB1C184D5DE}.Release|Any CPU.ActiveCfg = Release|Any CPU
		{C24DA027-D0F8-4730-BCD4-2BB1C184D5DE}.Release|Any CPU.Build.0 = Release|Any CPU
	EndGlobalSection
	GlobalSection(SolutionProperties) = preSolution
		HideSolutionNode = FALSE
	EndGlobalSection
	GlobalSection(ExtensibilityGlobals) = postSolution
		SolutionGuid = {E48327BC-8B02-4664-A54E-938F776970B9}
	EndGlobalSection
EndGlobal
