
Microsoft Visual Studio Solution File, Format Version 12.00
# Visual Studio 15
VisualStudioVersion = 15.0.28010.2046
MinimumVisualStudioVersion = 10.0.40219.1
Project("{FAE04EC0-301F-11D3-BF4B-00C04F79EFBC}") = "SampleSynthesis", "SampleSynthesis\SampleSynthesis.csproj", "{02544C2A-20DE-44B8-9267-CE2C5E546A3D}"
EndProject
Global
	GlobalSection(SolutionConfigurationPlatforms) = preSolution
		Debug|Any CPU = Debug|Any CPU
		Release|Any CPU = Release|Any CPU
	EndGlobalSection
	GlobalSection(ProjectConfigurationPlatforms) = postSolution
		{02544C2A-20DE-44B8-9267-CE2C5E546A3D}.Debug|Any CPU.ActiveCfg = Debug|Any CPU
		{02544C2A-20DE-44B8-9267-CE2C5E546A3D}.Debug|Any CPU.Build.0 = Debug|Any CPU
		{02544C2A-20DE-44B8-9267-CE2C5E546A3D}.Release|Any CPU.ActiveCfg = Release|Any CPU
		{02544C2A-20DE-44B8-9267-CE2C5E546A3D}.Release|Any CPU.Build.0 = Release|Any CPU
	EndGlobalSection
	GlobalSection(SolutionProperties) = preSolution
		HideSolutionNode = FALSE
	EndGlobalSection
	GlobalSection(ExtensibilityGlobals) = postSolution
		SolutionGuid = {10067D27-96B6-425A-9113-E6A23A32A220}
	EndGlobalSection
EndGlobal
