
Microsoft Visual Studio Solution File, Format Version 12.00
# Visual Studio 15
VisualStudioVersion = 15.0.28010.2046
MinimumVisualStudioVersion = 10.0.40219.1
Project("{888888A0-9F3D-457C-B088-3A5042F75D52}") = "DecisionTreeRegressionBeyeler", "DecisionTreeRegressionBeyeler\DecisionTreeRegressionBeyeler.pyproj", "{DAA641AD-F6EB-428A-B5BA-10282A8CCD7E}"
EndProject
Global
	GlobalSection(SolutionConfigurationPlatforms) = preSolution
		Debug|Any CPU = Debug|Any CPU
		Release|Any CPU = Release|Any CPU
	EndGlobalSection
	GlobalSection(ProjectConfigurationPlatforms) = postSolution
		{DAA641AD-F6EB-428A-B5BA-10282A8CCD7E}.Debug|Any CPU.ActiveCfg = Debug|Any CPU
		{DAA641AD-F6EB-428A-B5BA-10282A8CCD7E}.Release|Any CPU.ActiveCfg = Release|Any CPU
	EndGlobalSection
	GlobalSection(SolutionProperties) = preSolution
		HideSolutionNode = FALSE
	EndGlobalSection
	GlobalSection(ExtensibilityGlobals) = postSolution
		SolutionGuid = {51CE14C9-8C03-4D7B-AAD8-214B5A427D86}
	EndGlobalSection
EndGlobal
