
Microsoft Visual Studio Solution File, Format Version 12.00
# Visual Studio 15
VisualStudioVersion = 15.0.28010.2046
MinimumVisualStudioVersion = 10.0.40219.1
Project("{888888A0-9F3D-457C-B088-3A5042F75D52}") = "medical_diagnosis", "medical_diagnosis\medical_diagnosis.pyproj", "{FB8AE4B3-FA30-4831-97C5-BE1E2D464BEA}"
EndProject
Global
	GlobalSection(SolutionConfigurationPlatforms) = preSolution
		Debug|Any CPU = Debug|Any CPU
		Release|Any CPU = Release|Any CPU
	EndGlobalSection
	GlobalSection(ProjectConfigurationPlatforms) = postSolution
		{FB8AE4B3-FA30-4831-97C5-BE1E2D464BEA}.Debug|Any CPU.ActiveCfg = Debug|Any CPU
		{FB8AE4B3-FA30-4831-97C5-BE1E2D464BEA}.Release|Any CPU.ActiveCfg = Release|Any CPU
	EndGlobalSection
	GlobalSection(SolutionProperties) = preSolution
		HideSolutionNode = FALSE
	EndGlobalSection
	GlobalSection(ExtensibilityGlobals) = postSolution
		SolutionGuid = {CB14F114-D16C-4BF4-A7D9-A8B4772F8AFA}
	EndGlobalSection
EndGlobal
