
Microsoft Visual Studio Solution File, Format Version 12.00
# Visual Studio 15
VisualStudioVersion = 15.0.28010.2046
MinimumVisualStudioVersion = 10.0.40219.1
Project("{FAE04EC0-301F-11D3-BF4B-00C04F79EFBC}") = "Vmessenger", "Vmessenger\Vmessenger.csproj", "{D73D6B0C-96A1-4E4E-8D73-7D4A75BA0CFE}"
EndProject
Project("{54435603-DBB4-11D2-8724-00A0C9A8B90C}") = "VmessengerSetup", "VmessengerSetup\VmessengerSetup.vdproj", "{DE0C53F9-6815-49EA-ACCB-4D6AB0BBF916}"
EndProject
Global
	GlobalSection(SolutionConfigurationPlatforms) = preSolution
		Debug|Any CPU = Debug|Any CPU
		Release|Any CPU = Release|Any CPU
	EndGlobalSection
	GlobalSection(ProjectConfigurationPlatforms) = postSolution
		{D73D6B0C-96A1-4E4E-8D73-7D4A75BA0CFE}.Debug|Any CPU.ActiveCfg = Debug|Any CPU
		{D73D6B0C-96A1-4E4E-8D73-7D4A75BA0CFE}.Debug|Any CPU.Build.0 = Debug|Any CPU
		{D73D6B0C-96A1-4E4E-8D73-7D4A75BA0CFE}.Release|Any CPU.ActiveCfg = Release|Any CPU
		{D73D6B0C-96A1-4E4E-8D73-7D4A75BA0CFE}.Release|Any CPU.Build.0 = Release|Any CPU
		{DE0C53F9-6815-49EA-ACCB-4D6AB0BBF916}.Debug|Any CPU.ActiveCfg = Debug
		{DE0C53F9-6815-49EA-ACCB-4D6AB0BBF916}.Release|Any CPU.ActiveCfg = Release
	EndGlobalSection
	GlobalSection(SolutionProperties) = preSolution
		HideSolutionNode = FALSE
	EndGlobalSection
	GlobalSection(ExtensibilityGlobals) = postSolution
		SolutionGuid = {18D8B82A-1A9D-4F97-A2B9-4189129252CC}
	EndGlobalSection
EndGlobal
