
Microsoft Visual Studio Solution File, Format Version 12.00
# Visual Studio 15
VisualStudioVersion = 15.0.28010.2046
MinimumVisualStudioVersion = 10.0.40219.1
Project("{888888A0-9F3D-457C-B088-3A5042F75D52}") = "HK_findMaxProbability", "HK_findMaxProbability\HK_findMaxProbability.pyproj", "{3788FEAD-5729-4681-9FF1-C0E7B43B3ED0}"
EndProject
Global
	GlobalSection(SolutionConfigurationPlatforms) = preSolution
		Debug|Any CPU = Debug|Any CPU
		Release|Any CPU = Release|Any CPU
	EndGlobalSection
	GlobalSection(ProjectConfigurationPlatforms) = postSolution
		{3788FEAD-5729-4681-9FF1-C0E7B43B3ED0}.Debug|Any CPU.ActiveCfg = Debug|Any CPU
		{3788FEAD-5729-4681-9FF1-C0E7B43B3ED0}.Release|Any CPU.ActiveCfg = Release|Any CPU
	EndGlobalSection
	GlobalSection(SolutionProperties) = preSolution
		HideSolutionNode = FALSE
	EndGlobalSection
	GlobalSection(ExtensibilityGlobals) = postSolution
		SolutionGuid = {A90B6AB4-49EC-4A16-B51C-1FD62C194CDF}
	EndGlobalSection
EndGlobal
