
Microsoft Visual Studio Solution File, Format Version 12.00
# Visual Studio 15
VisualStudioVersion = 15.0.28010.2046
MinimumVisualStudioVersion = 10.0.40219.1
Project("{FAE04EC0-301F-11D3-BF4B-00C04F79EFBC}") = "SerialCommunication", "SerialCommunication\SerialCommunication.csproj", "{43B16A92-661C-49A9-BB55-7CA97A26BCFD}"
EndProject
Global
	GlobalSection(SolutionConfigurationPlatforms) = preSolution
		Debug|Any CPU = Debug|Any CPU
		Release|Any CPU = Release|Any CPU
	EndGlobalSection
	GlobalSection(ProjectConfigurationPlatforms) = postSolution
		{43B16A92-661C-49A9-BB55-7CA97A26BCFD}.Debug|Any CPU.ActiveCfg = Debug|Any CPU
		{43B16A92-661C-49A9-BB55-7CA97A26BCFD}.Debug|Any CPU.Build.0 = Debug|Any CPU
		{43B16A92-661C-49A9-BB55-7CA97A26BCFD}.Release|Any CPU.ActiveCfg = Release|Any CPU
		{43B16A92-661C-49A9-BB55-7CA97A26BCFD}.Release|Any CPU.Build.0 = Release|Any CPU
	EndGlobalSection
	GlobalSection(SolutionProperties) = preSolution
		HideSolutionNode = FALSE
	EndGlobalSection
	GlobalSection(ExtensibilityGlobals) = postSolution
		SolutionGuid = {1E9FB754-AC43-4484-B0FF-1266E2EB7496}
	EndGlobalSection
EndGlobal
