
Microsoft Visual Studio Solution File, Format Version 12.00
# Visual Studio 15
VisualStudioVersion = 15.0.28010.2046
MinimumVisualStudioVersion = 10.0.40219.1
Project("{888888A0-9F3D-457C-B088-3A5042F75D52}") = "digitRec", "digitRec\digitRec.pyproj", "{974BF46F-FA12-4527-B1E4-79B4337FE902}"
EndProject
Global
	GlobalSection(SolutionConfigurationPlatforms) = preSolution
		Debug|Any CPU = Debug|Any CPU
		Release|Any CPU = Release|Any CPU
	EndGlobalSection
	GlobalSection(ProjectConfigurationPlatforms) = postSolution
		{974BF46F-FA12-4527-B1E4-79B4337FE902}.Debug|Any CPU.ActiveCfg = Debug|Any CPU
		{974BF46F-FA12-4527-B1E4-79B4337FE902}.Release|Any CPU.ActiveCfg = Release|Any CPU
	EndGlobalSection
	GlobalSection(SolutionProperties) = preSolution
		HideSolutionNode = FALSE
	EndGlobalSection
	GlobalSection(ExtensibilityGlobals) = postSolution
		SolutionGuid = {440EBA4C-4EA0-43FF-9559-D29573D2F75E}
	EndGlobalSection
EndGlobal
