
Microsoft Visual Studio Solution File, Format Version 12.00
# Visual Studio 15
VisualStudioVersion = 15.0.28010.2046
MinimumVisualStudioVersion = 10.0.40219.1
Project("{888888A0-9F3D-457C-B088-3A5042F75D52}") = "HK_picking_numbers", "HK_picking_numbers\HK_picking_numbers.pyproj", "{DAB063CB-8704-4944-AE33-7C8AF6AD6A8C}"
EndProject
Global
	GlobalSection(SolutionConfigurationPlatforms) = preSolution
		Debug|Any CPU = Debug|Any CPU
		Release|Any CPU = Release|Any CPU
	EndGlobalSection
	GlobalSection(ProjectConfigurationPlatforms) = postSolution
		{DAB063CB-8704-4944-AE33-7C8AF6AD6A8C}.Debug|Any CPU.ActiveCfg = Debug|Any CPU
		{DAB063CB-8704-4944-AE33-7C8AF6AD6A8C}.Release|Any CPU.ActiveCfg = Release|Any CPU
	EndGlobalSection
	GlobalSection(SolutionProperties) = preSolution
		HideSolutionNode = FALSE
	EndGlobalSection
	GlobalSection(ExtensibilityGlobals) = postSolution
		SolutionGuid = {8C02A4BA-B8A3-4371-B494-633300066094}
	EndGlobalSection
EndGlobal
