
Microsoft Visual Studio Solution File, Format Version 12.00
# Visual Studio 15
VisualStudioVersion = 15.0.27703.2042
MinimumVisualStudioVersion = 10.0.40219.1
Project("{888888A0-9F3D-457C-B088-3A5042F75D52}") = "SocketServer", "SocketServer\SocketServer.pyproj", "{A413829C-9BBB-4A8F-8C8B-C06744858C66}"
EndProject
Global
	GlobalSection(SolutionConfigurationPlatforms) = preSolution
		Debug|Any CPU = Debug|Any CPU
		Release|Any CPU = Release|Any CPU
	EndGlobalSection
	GlobalSection(ProjectConfigurationPlatforms) = postSolution
		{A413829C-9BBB-4A8F-8C8B-C06744858C66}.Debug|Any CPU.ActiveCfg = Debug|Any CPU
		{A413829C-9BBB-4A8F-8C8B-C06744858C66}.Release|Any CPU.ActiveCfg = Release|Any CPU
	EndGlobalSection
	GlobalSection(SolutionProperties) = preSolution
		HideSolutionNode = FALSE
	EndGlobalSection
	GlobalSection(ExtensibilityGlobals) = postSolution
		SolutionGuid = {B0F1CFFD-40EE-4827-A6A1-C7ED6F247115}
	EndGlobalSection
EndGlobal
