
Microsoft Visual Studio Solution File, Format Version 12.00
# Visual Studio 15
VisualStudioVersion = 15.0.28010.2046
MinimumVisualStudioVersion = 10.0.40219.1
Project("{FAE04EC0-301F-11D3-BF4B-00C04F79EFBC}") = "Mac Finder", "Mac Finder\Mac Finder.csproj", "{A6C15C14-5BF8-4215-8306-DA6A7AA7E100}"
EndProject
Global
	GlobalSection(SolutionConfigurationPlatforms) = preSolution
		Debug|Any CPU = Debug|Any CPU
		Release|Any CPU = Release|Any CPU
	EndGlobalSection
	GlobalSection(ProjectConfigurationPlatforms) = postSolution
		{A6C15C14-5BF8-4215-8306-DA6A7AA7E100}.Debug|Any CPU.ActiveCfg = Debug|Any CPU
		{A6C15C14-5BF8-4215-8306-DA6A7AA7E100}.Debug|Any CPU.Build.0 = Debug|Any CPU
		{A6C15C14-5BF8-4215-8306-DA6A7AA7E100}.Release|Any CPU.ActiveCfg = Release|Any CPU
		{A6C15C14-5BF8-4215-8306-DA6A7AA7E100}.Release|Any CPU.Build.0 = Release|Any CPU
	EndGlobalSection
	GlobalSection(SolutionProperties) = preSolution
		HideSolutionNode = FALSE
	EndGlobalSection
	GlobalSection(ExtensibilityGlobals) = postSolution
		SolutionGuid = {D102DDA7-58DA-420B-9E69-96AEA0E10221}
	EndGlobalSection
EndGlobal
