
Microsoft Visual Studio Solution File, Format Version 12.00
# Visual Studio 15
VisualStudioVersion = 15.0.28010.2046
MinimumVisualStudioVersion = 10.0.40219.1
Project("{888888A0-9F3D-457C-B088-3A5042F75D52}") = "Digits", "Digits\Digits.pyproj", "{F930EB09-2FFC-40FA-BDC7-F097571C35E8}"
EndProject
Global
	GlobalSection(SolutionConfigurationPlatforms) = preSolution
		Debug|Any CPU = Debug|Any CPU
		Release|Any CPU = Release|Any CPU
	EndGlobalSection
	GlobalSection(ProjectConfigurationPlatforms) = postSolution
		{F930EB09-2FFC-40FA-BDC7-F097571C35E8}.Debug|Any CPU.ActiveCfg = Debug|Any CPU
		{F930EB09-2FFC-40FA-BDC7-F097571C35E8}.Release|Any CPU.ActiveCfg = Release|Any CPU
	EndGlobalSection
	GlobalSection(SolutionProperties) = preSolution
		HideSolutionNode = FALSE
	EndGlobalSection
	GlobalSection(ExtensibilityGlobals) = postSolution
		SolutionGuid = {43F380E1-7BA5-4656-B708-B015028A2E27}
	EndGlobalSection
EndGlobal
