
Microsoft Visual Studio Solution File, Format Version 12.00
# Visual Studio 15
VisualStudioVersion = 15.0.28010.2046
MinimumVisualStudioVersion = 10.0.40219.1
Project("{888888A0-9F3D-457C-B088-3A5042F75D52}") = "printedDigitsRec", "printedDigitsRec\printedDigitsRec.pyproj", "{1BA2E597-3FFC-48F1-BE89-BD1A4D2E4323}"
EndProject
Global
	GlobalSection(SolutionConfigurationPlatforms) = preSolution
		Debug|Any CPU = Debug|Any CPU
		Release|Any CPU = Release|Any CPU
	EndGlobalSection
	GlobalSection(ProjectConfigurationPlatforms) = postSolution
		{1BA2E597-3FFC-48F1-BE89-BD1A4D2E4323}.Debug|Any CPU.ActiveCfg = Debug|Any CPU
		{1BA2E597-3FFC-48F1-BE89-BD1A4D2E4323}.Release|Any CPU.ActiveCfg = Release|Any CPU
	EndGlobalSection
	GlobalSection(SolutionProperties) = preSolution
		HideSolutionNode = FALSE
	EndGlobalSection
	GlobalSection(ExtensibilityGlobals) = postSolution
		SolutionGuid = {F9E7989A-9359-4020-85F4-BCC88B8556CB}
	EndGlobalSection
EndGlobal
