
Microsoft Visual Studio Solution File, Format Version 12.00
# Visual Studio 15
VisualStudioVersion = 15.0.28010.2046
MinimumVisualStudioVersion = 10.0.40219.1
Project("{888888A0-9F3D-457C-B088-3A5042F75D52}") = "openCvTest", "openCvTest\openCvTest.pyproj", "{5B9FAF94-3A26-44FC-B80D-7043278A96CB}"
EndProject
Global
	GlobalSection(SolutionConfigurationPlatforms) = preSolution
		Debug|Any CPU = Debug|Any CPU
		Release|Any CPU = Release|Any CPU
	EndGlobalSection
	GlobalSection(ProjectConfigurationPlatforms) = postSolution
		{5B9FAF94-3A26-44FC-B80D-7043278A96CB}.Debug|Any CPU.ActiveCfg = Debug|Any CPU
		{5B9FAF94-3A26-44FC-B80D-7043278A96CB}.Release|Any CPU.ActiveCfg = Release|Any CPU
	EndGlobalSection
	GlobalSection(SolutionProperties) = preSolution
		HideSolutionNode = FALSE
	EndGlobalSection
	GlobalSection(ExtensibilityGlobals) = postSolution
		SolutionGuid = {C8ED74B3-3A49-4A44-99FD-8830898D7C48}
	EndGlobalSection
EndGlobal
