
Microsoft Visual Studio Solution File, Format Version 12.00
# Visual Studio 15
VisualStudioVersion = 15.0.28307.757
MinimumVisualStudioVersion = 10.0.40219.1
Project("{FAE04EC0-301F-11D3-BF4B-00C04F79EFBC}") = "Tree", "Tree\Tree.csproj", "{FDB25752-D973-4820-8073-C62C58D1A985}"
EndProject
Global
	GlobalSection(SolutionConfigurationPlatforms) = preSolution
		Debug|Any CPU = Debug|Any CPU
		Release|Any CPU = Release|Any CPU
	EndGlobalSection
	GlobalSection(ProjectConfigurationPlatforms) = postSolution
		{FDB25752-D973-4820-8073-C62C58D1A985}.Debug|Any CPU.ActiveCfg = Debug|Any CPU
		{FDB25752-D973-4820-8073-C62C58D1A985}.Debug|Any CPU.Build.0 = Debug|Any CPU
		{FDB25752-D973-4820-8073-C62C58D1A985}.Release|Any CPU.ActiveCfg = Release|Any CPU
		{FDB25752-D973-4820-8073-C62C58D1A985}.Release|Any CPU.Build.0 = Release|Any CPU
	EndGlobalSection
	GlobalSection(SolutionProperties) = preSolution
		HideSolutionNode = FALSE
	EndGlobalSection
	GlobalSection(ExtensibilityGlobals) = postSolution
		SolutionGuid = {1A66E048-BCB7-4113-9145-5DB01A248A38}
	EndGlobalSection
EndGlobal
