
Microsoft Visual Studio Solution File, Format Version 12.00
# Visual Studio 15
VisualStudioVersion = 15.0.27703.2042
MinimumVisualStudioVersion = 10.0.40219.1
Project("{888888A0-9F3D-457C-B088-3A5042F75D52}") = "DomRootAndSquare", "DomRootAndSquare\DomRootAndSquare.pyproj", "{B456A9DE-9BDB-4625-BEF7-3C3A04817DDD}"
EndProject
Global
	GlobalSection(SolutionConfigurationPlatforms) = preSolution
		Debug|Any CPU = Debug|Any CPU
		Release|Any CPU = Release|Any CPU
	EndGlobalSection
	GlobalSection(ProjectConfigurationPlatforms) = postSolution
		{B456A9DE-9BDB-4625-BEF7-3C3A04817DDD}.Debug|Any CPU.ActiveCfg = Debug|Any CPU
		{B456A9DE-9BDB-4625-BEF7-3C3A04817DDD}.Release|Any CPU.ActiveCfg = Release|Any CPU
	EndGlobalSection
	GlobalSection(SolutionProperties) = preSolution
		HideSolutionNode = FALSE
	EndGlobalSection
	GlobalSection(ExtensibilityGlobals) = postSolution
		SolutionGuid = {2BCFDF69-7024-4EBD-B977-6A3CED863FB1}
	EndGlobalSection
EndGlobal
