
Microsoft Visual Studio Solution File, Format Version 12.00
# Visual Studio 15
VisualStudioVersion = 15.0.28010.2046
MinimumVisualStudioVersion = 10.0.40219.1
Project("{FAE04EC0-301F-11D3-BF4B-00C04F79EFBC}") = "VchatApp", "SocketClient\VchatApp.csproj", "{402828C8-FD56-4DC7-B08B-B66DC6E6427F}"
EndProject
Project("{54435603-DBB4-11D2-8724-00A0C9A8B90C}") = "Vchat", "Vchat\Vchat.vdproj", "{4638585F-CB1C-438F-A106-095C84433128}"
EndProject
Global
	GlobalSection(SolutionConfigurationPlatforms) = preSolution
		Debug|Any CPU = Debug|Any CPU
		Release|Any CPU = Release|Any CPU
	EndGlobalSection
	GlobalSection(ProjectConfigurationPlatforms) = postSolution
		{402828C8-FD56-4DC7-B08B-B66DC6E6427F}.Debug|Any CPU.ActiveCfg = Debug|Any CPU
		{402828C8-FD56-4DC7-B08B-B66DC6E6427F}.Debug|Any CPU.Build.0 = Debug|Any CPU
		{402828C8-FD56-4DC7-B08B-B66DC6E6427F}.Release|Any CPU.ActiveCfg = Release|Any CPU
		{402828C8-FD56-4DC7-B08B-B66DC6E6427F}.Release|Any CPU.Build.0 = Release|Any CPU
		{4638585F-CB1C-438F-A106-095C84433128}.Debug|Any CPU.ActiveCfg = Debug
		{4638585F-CB1C-438F-A106-095C84433128}.Release|Any CPU.ActiveCfg = Release
	EndGlobalSection
	GlobalSection(SolutionProperties) = preSolution
		HideSolutionNode = FALSE
	EndGlobalSection
	GlobalSection(ExtensibilityGlobals) = postSolution
		SolutionGuid = {0F844083-F8FF-4765-80D8-59C2FF4891C7}
	EndGlobalSection
EndGlobal
